
Microsoft Visual Studio Solution File, Format Version 12.00
# Visual Studio Version 17
VisualStudioVersion = 17.13.35931.197
MinimumVisualStudioVersion = 10.0.40219.1
Project("{FAE04EC0-301F-11D3-BF4B-00C04F79EFBC}") = "FirstProject", "FirstProject\FirstProject.csproj", "{EEF894AA-1283-49F0-A581-F2B74BA89DA7}"
EndProject
Project("{FAE04EC0-301F-11D3-BF4B-00C04F79EFBC}") = "SecondProject", "SecondProject\SecondProject.csproj", "{CF6D3AA9-F394-49B9-B560-4B7700A0815A}"
EndProject
Project("{FAE04EC0-301F-11D3-BF4B-00C04F79EFBC}") = "FisrtDegree", "FisrtDegree\FisrtDegree.csproj", "{72017D65-86F3-444C-9350-1F20BFA7C852}"
EndProject
Project("{FAE04EC0-301F-11D3-BF4B-00C04F79EFBC}") = "QuadraticEquation", "QuadraticEquation\QuadraticEquation.csproj", "{FE378B75-9246-48DA-BE92-1A0E4E62B0CA}"
EndProject
Project("{FAE04EC0-301F-11D3-BF4B-00C04F79EFBC}") = "StringInteraction", "StringInteraction\StringInteraction.csproj", "{F2FC5C25-943D-4A08-9031-04103F240BCB}"
EndProject
Project("{FAE04EC0-301F-11D3-BF4B-00C04F79EFBC}") = "SimpleMath", "SimpleMath\SimpleMath.csproj", "{6CAD3BBC-9659-4DA3-B022-5575B4163451}"
EndProject
Project("{FAE04EC0-301F-11D3-BF4B-00C04F79EFBC}") = "RefAndOutSample", "RefAndOutSample\RefAndOutSample.csproj", "{2403F77D-E9D8-4ACE-A8C0-494B286FDE35}"
EndProject
Project("{FAE04EC0-301F-11D3-BF4B-00C04F79EFBC}") = "TryParseSample", "TryParseSample\TryParseSample.csproj", "{39518F42-79B1-4F5A-BFC9-9CD07FE3F685}"
EndProject
Project("{FAE04EC0-301F-11D3-BF4B-00C04F79EFBC}") = "ParamsSample", "ParamsSample\ParamsSample.csproj", "{04C826D9-2731-40AD-9787-099D4E04198A}"
EndProject
Project("{FAE04EC0-301F-11D3-BF4B-00C04F79EFBC}") = "TuplesSample", "TuplesSample\TuplesSample.csproj", "{B00CD379-CA2D-432D-9872-4D2823E04EE1}"
EndProject
Project("{FAE04EC0-301F-11D3-BF4B-00C04F79EFBC}") = "NestedLoop_Sort", "NestedLoop_Sort\NestedLoop_Sort.csproj", "{C697BB21-AC8E-4435-AC6B-B8D71CB728FD}"
EndProject
Project("{FAE04EC0-301F-11D3-BF4B-00C04F79EFBC}") = "OOP1", "OOP1\OOP1.csproj", "{C596BE6E-3D0B-4510-8631-AC7BD7E4EDA7}"
EndProject
Global
	GlobalSection(SolutionConfigurationPlatforms) = preSolution
		Debug|Any CPU = Debug|Any CPU
		Release|Any CPU = Release|Any CPU
	EndGlobalSection
	GlobalSection(ProjectConfigurationPlatforms) = postSolution
		{EEF894AA-1283-49F0-A581-F2B74BA89DA7}.Debug|Any CPU.ActiveCfg = Debug|Any CPU
		{EEF894AA-1283-49F0-A581-F2B74BA89DA7}.Debug|Any CPU.Build.0 = Debug|Any CPU
		{EEF894AA-1283-49F0-A581-F2B74BA89DA7}.Release|Any CPU.ActiveCfg = Release|Any CPU
		{EEF894AA-1283-49F0-A581-F2B74BA89DA7}.Release|Any CPU.Build.0 = Release|Any CPU
		{CF6D3AA9-F394-49B9-B560-4B7700A0815A}.Debug|Any CPU.ActiveCfg = Debug|Any CPU
		{CF6D3AA9-F394-49B9-B560-4B7700A0815A}.Debug|Any CPU.Build.0 = Debug|Any CPU
		{CF6D3AA9-F394-49B9-B560-4B7700A0815A}.Release|Any CPU.ActiveCfg = Release|Any CPU
		{CF6D3AA9-F394-49B9-B560-4B7700A0815A}.Release|Any CPU.Build.0 = Release|Any CPU
		{72017D65-86F3-444C-9350-1F20BFA7C852}.Debug|Any CPU.ActiveCfg = Debug|Any CPU
		{72017D65-86F3-444C-9350-1F20BFA7C852}.Debug|Any CPU.Build.0 = Debug|Any CPU
		{72017D65-86F3-444C-9350-1F20BFA7C852}.Release|Any CPU.ActiveCfg = Release|Any CPU
		{72017D65-86F3-444C-9350-1F20BFA7C852}.Release|Any CPU.Build.0 = Release|Any CPU
		{FE378B75-9246-48DA-BE92-1A0E4E62B0CA}.Debug|Any CPU.ActiveCfg = Debug|Any CPU
		{FE378B75-9246-48DA-BE92-1A0E4E62B0CA}.Debug|Any CPU.Build.0 = Debug|Any CPU
		{FE378B75-9246-48DA-BE92-1A0E4E62B0CA}.Release|Any CPU.ActiveCfg = Release|Any CPU
		{FE378B75-9246-48DA-BE92-1A0E4E62B0CA}.Release|Any CPU.Build.0 = Release|Any CPU
		{F2FC5C25-943D-4A08-9031-04103F240BCB}.Debug|Any CPU.ActiveCfg = Debug|Any CPU
		{F2FC5C25-943D-4A08-9031-04103F240BCB}.Debug|Any CPU.Build.0 = Debug|Any CPU
		{F2FC5C25-943D-4A08-9031-04103F240BCB}.Release|Any CPU.ActiveCfg = Release|Any CPU
		{F2FC5C25-943D-4A08-9031-04103F240BCB}.Release|Any CPU.Build.0 = Release|Any CPU
		{6CAD3BBC-9659-4DA3-B022-5575B4163451}.Debug|Any CPU.ActiveCfg = Debug|Any CPU
		{6CAD3BBC-9659-4DA3-B022-5575B4163451}.Debug|Any CPU.Build.0 = Debug|Any CPU
		{6CAD3BBC-9659-4DA3-B022-5575B4163451}.Release|Any CPU.ActiveCfg = Release|Any CPU
		{6CAD3BBC-9659-4DA3-B022-5575B4163451}.Release|Any CPU.Build.0 = Release|Any CPU
		{2403F77D-E9D8-4ACE-A8C0-494B286FDE35}.Debug|Any CPU.ActiveCfg = Debug|Any CPU
		{2403F77D-E9D8-4ACE-A8C0-494B286FDE35}.Debug|Any CPU.Build.0 = Debug|Any CPU
		{2403F77D-E9D8-4ACE-A8C0-494B286FDE35}.Release|Any CPU.ActiveCfg = Release|Any CPU
		{2403F77D-E9D8-4ACE-A8C0-494B286FDE35}.Release|Any CPU.Build.0 = Release|Any CPU
		{39518F42-79B1-4F5A-BFC9-9CD07FE3F685}.Debug|Any CPU.ActiveCfg = Debug|Any CPU
		{39518F42-79B1-4F5A-BFC9-9CD07FE3F685}.Debug|Any CPU.Build.0 = Debug|Any CPU
		{39518F42-79B1-4F5A-BFC9-9CD07FE3F685}.Release|Any CPU.ActiveCfg = Release|Any CPU
		{39518F42-79B1-4F5A-BFC9-9CD07FE3F685}.Release|Any CPU.Build.0 = Release|Any CPU
		{04C826D9-2731-40AD-9787-099D4E04198A}.Debug|Any CPU.ActiveCfg = Debug|Any CPU
		{04C826D9-2731-40AD-9787-099D4E04198A}.Debug|Any CPU.Build.0 = Debug|Any CPU
		{04C826D9-2731-40AD-9787-099D4E04198A}.Release|Any CPU.ActiveCfg = Release|Any CPU
		{04C826D9-2731-40AD-9787-099D4E04198A}.Release|Any CPU.Build.0 = Release|Any CPU
		{B00CD379-CA2D-432D-9872-4D2823E04EE1}.Debug|Any CPU.ActiveCfg = Debug|Any CPU
		{B00CD379-CA2D-432D-9872-4D2823E04EE1}.Debug|Any CPU.Build.0 = Debug|Any CPU
		{B00CD379-CA2D-432D-9872-4D2823E04EE1}.Release|Any CPU.ActiveCfg = Release|Any CPU
		{B00CD379-CA2D-432D-9872-4D2823E04EE1}.Release|Any CPU.Build.0 = Release|Any CPU
		{C697BB21-AC8E-4435-AC6B-B8D71CB728FD}.Debug|Any CPU.ActiveCfg = Debug|Any CPU
		{C697BB21-AC8E-4435-AC6B-B8D71CB728FD}.Debug|Any CPU.Build.0 = Debug|Any CPU
		{C697BB21-AC8E-4435-AC6B-B8D71CB728FD}.Release|Any CPU.ActiveCfg = Release|Any CPU
		{C697BB21-AC8E-4435-AC6B-B8D71CB728FD}.Release|Any CPU.Build.0 = Release|Any CPU
		{C596BE6E-3D0B-4510-8631-AC7BD7E4EDA7}.Debug|Any CPU.ActiveCfg = Debug|Any CPU
		{C596BE6E-3D0B-4510-8631-AC7BD7E4EDA7}.Debug|Any CPU.Build.0 = Debug|Any CPU
		{C596BE6E-3D0B-4510-8631-AC7BD7E4EDA7}.Release|Any CPU.ActiveCfg = Release|Any CPU
		{C596BE6E-3D0B-4510-8631-AC7BD7E4EDA7}.Release|Any CPU.Build.0 = Release|Any CPU
	EndGlobalSection
	GlobalSection(SolutionProperties) = preSolution
		HideSolutionNode = FALSE
	EndGlobalSection
	GlobalSection(ExtensibilityGlobals) = postSolution
		SolutionGuid = {58476CA6-226A-424D-8726-322BD1E44784}
	EndGlobalSection
EndGlobal
