
Microsoft Visual Studio Solution File, Format Version 12.00
# Visual Studio Version 17
VisualStudioVersion = 17.13.35931.197
MinimumVisualStudioVersion = 10.0.40219.1
Project("{FAE04EC0-301F-11D3-BF4B-00C04F79EFBC}") = "BusinessObject", "BusinessObjects\BusinessObject.csproj", "{A41D07FB-2E23-43E7-BE39-E2A81CD1FF99}"
EndProject
Project("{FAE04EC0-301F-11D3-BF4B-00C04F79EFBC}") = "DataAccessLayer", "DataAccessLayer\DataAccessLayer.csproj", "{377299FA-A788-46FE-90D1-3291F199450A}"
EndProject
Project("{FAE04EC0-301F-11D3-BF4B-00C04F79EFBC}") = "Repositories", "Repositories\Repositories.csproj", "{E9985AA2-B026-4D55-A044-D93F114ADAD1}"
EndProject
Project("{FAE04EC0-301F-11D3-BF4B-00C04F79EFBC}") = "Services", "Services\Services.csproj", "{2E24B3F2-6B36-407F-86D2-0F8A1B78337E}"
EndProject
Project("{FAE04EC0-301F-11D3-BF4B-00C04F79EFBC}") = "NguyenVanNguyenWPF", "NguyenVanNguyenWPF\NguyenVanNguyenWPF.csproj", "{90E5ABDB-3BD0-41D7-87C9-6AD630105F00}"
EndProject
Global
	GlobalSection(SolutionConfigurationPlatforms) = preSolution
		Debug|Any CPU = Debug|Any CPU
		Release|Any CPU = Release|Any CPU
	EndGlobalSection
	GlobalSection(ProjectConfigurationPlatforms) = postSolution
		{A41D07FB-2E23-43E7-BE39-E2A81CD1FF99}.Debug|Any CPU.ActiveCfg = Debug|Any CPU
		{A41D07FB-2E23-43E7-BE39-E2A81CD1FF99}.Debug|Any CPU.Build.0 = Debug|Any CPU
		{A41D07FB-2E23-43E7-BE39-E2A81CD1FF99}.Release|Any CPU.ActiveCfg = Release|Any CPU
		{A41D07FB-2E23-43E7-BE39-E2A81CD1FF99}.Release|Any CPU.Build.0 = Release|Any CPU
		{377299FA-A788-46FE-90D1-3291F199450A}.Debug|Any CPU.ActiveCfg = Debug|Any CPU
		{377299FA-A788-46FE-90D1-3291F199450A}.Debug|Any CPU.Build.0 = Debug|Any CPU
		{377299FA-A788-46FE-90D1-3291F199450A}.Release|Any CPU.ActiveCfg = Release|Any CPU
		{377299FA-A788-46FE-90D1-3291F199450A}.Release|Any CPU.Build.0 = Release|Any CPU
		{E9985AA2-B026-4D55-A044-D93F114ADAD1}.Debug|Any CPU.ActiveCfg = Debug|Any CPU
		{E9985AA2-B026-4D55-A044-D93F114ADAD1}.Debug|Any CPU.Build.0 = Debug|Any CPU
		{E9985AA2-B026-4D55-A044-D93F114ADAD1}.Release|Any CPU.ActiveCfg = Release|Any CPU
		{E9985AA2-B026-4D55-A044-D93F114ADAD1}.Release|Any CPU.Build.0 = Release|Any CPU
		{2E24B3F2-6B36-407F-86D2-0F8A1B78337E}.Debug|Any CPU.ActiveCfg = Debug|Any CPU
		{2E24B3F2-6B36-407F-86D2-0F8A1B78337E}.Debug|Any CPU.Build.0 = Debug|Any CPU
		{2E24B3F2-6B36-407F-86D2-0F8A1B78337E}.Release|Any CPU.ActiveCfg = Release|Any CPU
		{2E24B3F2-6B36-407F-86D2-0F8A1B78337E}.Release|Any CPU.Build.0 = Release|Any CPU
		{90E5ABDB-3BD0-41D7-87C9-6AD630105F00}.Debug|Any CPU.ActiveCfg = Debug|Any CPU
		{90E5ABDB-3BD0-41D7-87C9-6AD630105F00}.Debug|Any CPU.Build.0 = Debug|Any CPU
		{90E5ABDB-3BD0-41D7-87C9-6AD630105F00}.Release|Any CPU.ActiveCfg = Release|Any CPU
		{90E5ABDB-3BD0-41D7-87C9-6AD630105F00}.Release|Any CPU.Build.0 = Release|Any CPU
	EndGlobalSection
	GlobalSection(SolutionProperties) = preSolution
		HideSolutionNode = FALSE
	EndGlobalSection
	GlobalSection(ExtensibilityGlobals) = postSolution
		SolutionGuid = {1443C3E0-6A42-46A4-8567-151B0D9005CE}
	EndGlobalSection
EndGlobal
