
Microsoft Visual Studio Solution File, Format Version 12.00
# Visual Studio Version 17
VisualStudioVersion = 17.13.35931.197 d17.13
MinimumVisualStudioVersion = 10.0.40219.1
Project("{FAE04EC0-301F-11D3-BF4B-00C04F79EFBC}") = "BusinessObjects", "BusinessObjects\BusinessObjects.csproj", "{8FD22163-D9DF-4121-A48B-0E44AA141F31}"
EndProject
Project("{FAE04EC0-301F-11D3-BF4B-00C04F79EFBC}") = "DataAccessLayer", "DataAccessLayer\DataAccessLayer.csproj", "{80F6D3B0-1757-4F97-9D68-FFC50A04DEE3}"
EndProject
Project("{FAE04EC0-301F-11D3-BF4B-00C04F79EFBC}") = "Repositories", "Repositories\Repositories.csproj", "{2D151B0D-8320-4D9B-BB64-BE1F51FA9C7F}"
EndProject
Project("{FAE04EC0-301F-11D3-BF4B-00C04F79EFBC}") = "Services", "Services\Services.csproj", "{84DCA52C-A133-4BFD-B3BE-E0BD63DE2A68}"
EndProject
Project("{FAE04EC0-301F-11D3-BF4B-00C04F79EFBC}") = "WPFApp", "WPFApp\WPFApp.csproj", "{8157AA31-D54B-4C3C-83CE-A9620F3212CF}"
EndProject
Global
	GlobalSection(SolutionConfigurationPlatforms) = preSolution
		Debug|Any CPU = Debug|Any CPU
		Release|Any CPU = Release|Any CPU
	EndGlobalSection
	GlobalSection(ProjectConfigurationPlatforms) = postSolution
		{8FD22163-D9DF-4121-A48B-0E44AA141F31}.Debug|Any CPU.ActiveCfg = Debug|Any CPU
		{8FD22163-D9DF-4121-A48B-0E44AA141F31}.Debug|Any CPU.Build.0 = Debug|Any CPU
		{8FD22163-D9DF-4121-A48B-0E44AA141F31}.Release|Any CPU.ActiveCfg = Release|Any CPU
		{8FD22163-D9DF-4121-A48B-0E44AA141F31}.Release|Any CPU.Build.0 = Release|Any CPU
		{80F6D3B0-1757-4F97-9D68-FFC50A04DEE3}.Debug|Any CPU.ActiveCfg = Debug|Any CPU
		{80F6D3B0-1757-4F97-9D68-FFC50A04DEE3}.Debug|Any CPU.Build.0 = Debug|Any CPU
		{80F6D3B0-1757-4F97-9D68-FFC50A04DEE3}.Release|Any CPU.ActiveCfg = Release|Any CPU
		{80F6D3B0-1757-4F97-9D68-FFC50A04DEE3}.Release|Any CPU.Build.0 = Release|Any CPU
		{2D151B0D-8320-4D9B-BB64-BE1F51FA9C7F}.Debug|Any CPU.ActiveCfg = Debug|Any CPU
		{2D151B0D-8320-4D9B-BB64-BE1F51FA9C7F}.Debug|Any CPU.Build.0 = Debug|Any CPU
		{2D151B0D-8320-4D9B-BB64-BE1F51FA9C7F}.Release|Any CPU.ActiveCfg = Release|Any CPU
		{2D151B0D-8320-4D9B-BB64-BE1F51FA9C7F}.Release|Any CPU.Build.0 = Release|Any CPU
		{84DCA52C-A133-4BFD-B3BE-E0BD63DE2A68}.Debug|Any CPU.ActiveCfg = Debug|Any CPU
		{84DCA52C-A133-4BFD-B3BE-E0BD63DE2A68}.Debug|Any CPU.Build.0 = Debug|Any CPU
		{84DCA52C-A133-4BFD-B3BE-E0BD63DE2A68}.Release|Any CPU.ActiveCfg = Release|Any CPU
		{84DCA52C-A133-4BFD-B3BE-E0BD63DE2A68}.Release|Any CPU.Build.0 = Release|Any CPU
		{8157AA31-D54B-4C3C-83CE-A9620F3212CF}.Debug|Any CPU.ActiveCfg = Debug|Any CPU
		{8157AA31-D54B-4C3C-83CE-A9620F3212CF}.Debug|Any CPU.Build.0 = Debug|Any CPU
		{8157AA31-D54B-4C3C-83CE-A9620F3212CF}.Release|Any CPU.ActiveCfg = Release|Any CPU
		{8157AA31-D54B-4C3C-83CE-A9620F3212CF}.Release|Any CPU.Build.0 = Release|Any CPU
	EndGlobalSection
	GlobalSection(SolutionProperties) = preSolution
		HideSolutionNode = FALSE
	EndGlobalSection
	GlobalSection(ExtensibilityGlobals) = postSolution
		SolutionGuid = {30514996-85F5-4763-9C6C-717418E3D57B}
	EndGlobalSection
EndGlobal
